
Microsoft Visual Studio Solution File, Format Version 12.00
# Visual Studio 14
VisualStudioVersion = 14.0.24720.0
MinimumVisualStudioVersion = 10.0.40219.1
Project("{FAE04EC0-301F-11D3-BF4B-00C04F79EFBC}") = "01RedisPublish", "01RedisPublish\01RedisPublish.csproj", "{DA4AC9E8-8864-4774-AE97-48770BCD87ED}"
EndProject
Project("{FAE04EC0-301F-11D3-BF4B-00C04F79EFBC}") = "02RedisSubscribe", "02RedisSubscribe\02RedisSubscribe.csproj", "{50E9012C-8354-451C-8C43-7F7447A30A98}"
EndProject
Project("{FAE04EC0-301F-11D3-BF4B-00C04F79EFBC}") = "03FuncAndAction", "03FuncAndAction\03FuncAndAction.csproj", "{E3F5437C-A93D-4E55-A262-37676BD8B8F9}"
EndProject
Project("{FAE04EC0-301F-11D3-BF4B-00C04F79EFBC}") = "04Task", "04Task\04Task.csproj", "{353AB89C-30EA-4BC5-9BE1-06F4C9B76D71}"
EndProject
Project("{FAE04EC0-301F-11D3-BF4B-00C04F79EFBC}") = "05SignalR", "05SignalR\05SignalR.csproj", "{D7185F7C-DCB0-4431-A1F8-3AC329711CE1}"
EndProject
Project("{FAE04EC0-301F-11D3-BF4B-00C04F79EFBC}") = "06OwinSignalR", "06OwinSignalR\06OwinSignalR.csproj", "{D769BAB6-F4D4-4053-A020-518806164D20}"
EndProject
Project("{FAE04EC0-301F-11D3-BF4B-00C04F79EFBC}") = "07SignalWebClient", "07SignalWebClient\07SignalWebClient.csproj", "{937D3E36-2E6F-42BE-8CC2-D3B4CF49AEFC}"
EndProject
Global
	GlobalSection(SolutionConfigurationPlatforms) = preSolution
		Debug|Any CPU = Debug|Any CPU
		Release|Any CPU = Release|Any CPU
	EndGlobalSection
	GlobalSection(ProjectConfigurationPlatforms) = postSolution
		{DA4AC9E8-8864-4774-AE97-48770BCD87ED}.Debug|Any CPU.ActiveCfg = Debug|Any CPU
		{DA4AC9E8-8864-4774-AE97-48770BCD87ED}.Debug|Any CPU.Build.0 = Debug|Any CPU
		{DA4AC9E8-8864-4774-AE97-48770BCD87ED}.Release|Any CPU.ActiveCfg = Release|Any CPU
		{DA4AC9E8-8864-4774-AE97-48770BCD87ED}.Release|Any CPU.Build.0 = Release|Any CPU
		{50E9012C-8354-451C-8C43-7F7447A30A98}.Debug|Any CPU.ActiveCfg = Debug|Any CPU
		{50E9012C-8354-451C-8C43-7F7447A30A98}.Debug|Any CPU.Build.0 = Debug|Any CPU
		{50E9012C-8354-451C-8C43-7F7447A30A98}.Release|Any CPU.ActiveCfg = Release|Any CPU
		{50E9012C-8354-451C-8C43-7F7447A30A98}.Release|Any CPU.Build.0 = Release|Any CPU
		{E3F5437C-A93D-4E55-A262-37676BD8B8F9}.Debug|Any CPU.ActiveCfg = Debug|Any CPU
		{E3F5437C-A93D-4E55-A262-37676BD8B8F9}.Debug|Any CPU.Build.0 = Debug|Any CPU
		{E3F5437C-A93D-4E55-A262-37676BD8B8F9}.Release|Any CPU.ActiveCfg = Release|Any CPU
		{E3F5437C-A93D-4E55-A262-37676BD8B8F9}.Release|Any CPU.Build.0 = Release|Any CPU
		{353AB89C-30EA-4BC5-9BE1-06F4C9B76D71}.Debug|Any CPU.ActiveCfg = Debug|Any CPU
		{353AB89C-30EA-4BC5-9BE1-06F4C9B76D71}.Debug|Any CPU.Build.0 = Debug|Any CPU
		{353AB89C-30EA-4BC5-9BE1-06F4C9B76D71}.Release|Any CPU.ActiveCfg = Release|Any CPU
		{353AB89C-30EA-4BC5-9BE1-06F4C9B76D71}.Release|Any CPU.Build.0 = Release|Any CPU
		{D7185F7C-DCB0-4431-A1F8-3AC329711CE1}.Debug|Any CPU.ActiveCfg = Debug|Any CPU
		{D7185F7C-DCB0-4431-A1F8-3AC329711CE1}.Debug|Any CPU.Build.0 = Debug|Any CPU
		{D7185F7C-DCB0-4431-A1F8-3AC329711CE1}.Release|Any CPU.ActiveCfg = Release|Any CPU
		{D7185F7C-DCB0-4431-A1F8-3AC329711CE1}.Release|Any CPU.Build.0 = Release|Any CPU
		{D769BAB6-F4D4-4053-A020-518806164D20}.Debug|Any CPU.ActiveCfg = Debug|Any CPU
		{D769BAB6-F4D4-4053-A020-518806164D20}.Debug|Any CPU.Build.0 = Debug|Any CPU
		{D769BAB6-F4D4-4053-A020-518806164D20}.Release|Any CPU.ActiveCfg = Release|Any CPU
		{D769BAB6-F4D4-4053-A020-518806164D20}.Release|Any CPU.Build.0 = Release|Any CPU
		{937D3E36-2E6F-42BE-8CC2-D3B4CF49AEFC}.Debug|Any CPU.ActiveCfg = Debug|Any CPU
		{937D3E36-2E6F-42BE-8CC2-D3B4CF49AEFC}.Debug|Any CPU.Build.0 = Debug|Any CPU
		{937D3E36-2E6F-42BE-8CC2-D3B4CF49AEFC}.Release|Any CPU.ActiveCfg = Release|Any CPU
		{937D3E36-2E6F-42BE-8CC2-D3B4CF49AEFC}.Release|Any CPU.Build.0 = Release|Any CPU
	EndGlobalSection
	GlobalSection(SolutionProperties) = preSolution
		HideSolutionNode = FALSE
	EndGlobalSection
EndGlobal
